
Microsoft Visual Studio Solution File, Format Version 12.00
# Visual Studio 14
VisualStudioVersion = 14.0.25420.1
MinimumVisualStudioVersion = 10.0.40219.1
Project("{FAE04EC0-301F-11D3-BF4B-00C04F79EFBC}") = "SOZA-web", "SOZA-web\SOZA-web.csproj", "{FAB4679F-C58D-4DA8-915E-DA460D2633F8}"
EndProject
Global
	GlobalSection(SolutionConfigurationPlatforms) = preSolution
		Debug|Any CPU = Debug|Any CPU
		Release|Any CPU = Release|Any CPU
	EndGlobalSection
	GlobalSection(ProjectConfigurationPlatforms) = postSolution
		{FAB4679F-C58D-4DA8-915E-DA460D2633F8}.Debug|Any CPU.ActiveCfg = Debug|Any CPU
		{FAB4679F-C58D-4DA8-915E-DA460D2633F8}.Debug|Any CPU.Build.0 = Debug|Any CPU
		{FAB4679F-C58D-4DA8-915E-DA460D2633F8}.Release|Any CPU.ActiveCfg = Release|Any CPU
		{FAB4679F-C58D-4DA8-915E-DA460D2633F8}.Release|Any CPU.Build.0 = Release|Any CPU
	EndGlobalSection
	GlobalSection(SolutionProperties) = preSolution
		HideSolutionNode = FALSE
	EndGlobalSection
EndGlobal
